{
    "name": "codesearch",
    "version": "0.0.1",
    "lockfileVersion": 1,
    "requires": true,
    "dependencies": {
        "@types/node": {
            "version": "10.9.4",
            "resolved": "https://registry.npmjs.org/@types/node/-/node-10.9.4.tgz",
            "integrity": "sha512-fCHV45gS+m3hH17zgkgADUSi2RR1Vht6wOZ0jyHP8rjiQra9f+mIcgwPQHllmDocYOstIEbKlxbFDYlgrTPYqw=="
        },
        "ansi-regex": {
            "version": "3.0.0",
            "resolved": "https://registry.npmjs.org/ansi-regex/-/ansi-regex-3.0.0.tgz",
            "integrity": "sha1-7QMXwyIGT3lGbAKWa922Bas32Zg="
        },
        "ansi-styles": {
            "version": "3.2.1",
            "resolved": "https://registry.npmjs.org/ansi-styles/-/ansi-styles-3.2.1.tgz",
            "integrity": "sha512-VT0ZI6kZRdTh8YyJw3SMbYm/u+NqfsAxEpWO0Pf9sq8/e94WxxOpPKx9FR1FlyCtOVDNOQ+8ntlqFxiRc+r5qA==",
            "requires": {
                "color-convert": "1.9.3"
            }
        },
        "back": {
            "version": "0.1.5",
            "resolved": "https://registry.npmjs.org/back/-/back-0.1.5.tgz",
            "integrity": "sha1-NCuWuARlewPsmjHySKEfIAYI3MI="
        },
        "capture-stack-trace": {
            "version": "1.0.1",
            "resolved": "https://registry.npmjs.org/capture-stack-trace/-/capture-stack-trace-1.0.1.tgz",
            "integrity": "sha512-mYQLZnx5Qt1JgB1WEiMCf2647plpGeQ2NMR/5L0HNZzGQo4fuSPnK+wjfPnKZV0aiJDgzmWqqkV/g7JD+DW0qw=="
        },
        "chalk": {
            "version": "2.4.1",
            "resolved": "https://registry.npmjs.org/chalk/-/chalk-2.4.1.tgz",
            "integrity": "sha512-ObN6h1v2fTJSmUXoS3nMQ92LbDK9be4TV+6G+omQlGJFdcUX5heKi1LZ1YnRMIgwTLEj3E24bT6tYni50rlCfQ==",
            "requires": {
                "ansi-styles": "3.2.1",
                "escape-string-regexp": "1.0.5",
                "supports-color": "5.5.0"
            }
        },
        "changes-stream": {
            "version": "1.1.0",
            "resolved": "https://registry.npmjs.org/changes-stream/-/changes-stream-1.1.0.tgz",
            "integrity": "sha1-mmjA5TuRbshHfZbTYiT9jg2ZB60=",
            "requires": {
                "back": "0.1.5",
                "debug": "0.8.1",
                "http-https": "1.0.0",
                "readable-stream": "1.0.34"
            }
        },
        "cli-cursor": {
            "version": "2.1.0",
            "resolved": "https://registry.npmjs.org/cli-cursor/-/cli-cursor-2.1.0.tgz",
            "integrity": "sha1-s12sN2R5+sw+lHR9QdDQ9SOP/LU=",
            "requires": {
                "restore-cursor": "2.0.0"
            }
        },
        "cli-spinners": {
            "version": "1.3.1",
            "resolved": "https://registry.npmjs.org/cli-spinners/-/cli-spinners-1.3.1.tgz",
            "integrity": "sha512-1QL4544moEsDVH9T/l6Cemov/37iv1RtoKf7NJ04A60+4MREXNfx/QvavbH6QoGdsD4N4Mwy49cmaINR/o2mdg=="
        },
        "clone": {
            "version": "1.0.4",
            "resolved": "https://registry.npmjs.org/clone/-/clone-1.0.4.tgz",
            "integrity": "sha1-2jCcwmPfFZlMaIypAheco8fNfH4="
        },
        "color-convert": {
            "version": "1.9.3",
            "resolved": "https://registry.npmjs.org/color-convert/-/color-convert-1.9.3.tgz",
            "integrity": "sha512-QfAUtd+vFdAtFQcC8CCyYt1fYWxSqAiK2cSD6zDB8N3cpsEBAvRxp9zOGg6G/SHHJYAT88/az/IuDGALsNVbGg==",
            "requires": {
                "color-name": "1.1.3"
            }
        },
        "color-name": {
            "version": "1.1.3",
            "resolved": "https://registry.npmjs.org/color-name/-/color-name-1.1.3.tgz",
            "integrity": "sha1-p9BVi9icQveV3UIyj3QIMcpTvCU="
        },
        "core-util-is": {
            "version": "1.0.2",
            "resolved": "https://registry.npmjs.org/core-util-is/-/core-util-is-1.0.2.tgz",
            "integrity": "sha1-tf1UIgqivFq1eqtxQMlAdUUDwac="
        },
        "create-error-class": {
            "version": "3.0.2",
            "resolved": "https://registry.npmjs.org/create-error-class/-/create-error-class-3.0.2.tgz",
            "integrity": "sha1-Br56vvlHo/FKMP1hBnHUAbyot7Y=",
            "requires": {
                "capture-stack-trace": "1.0.1"
            }
        },
        "debug": {
            "version": "0.8.1",
            "resolved": "https://registry.npmjs.org/debug/-/debug-0.8.1.tgz",
            "integrity": "sha1-IP9NJvXkIstoobrLu2EDmtjBwTA="
        },
        "defaults": {
            "version": "1.0.3",
            "resolved": "https://registry.npmjs.org/defaults/-/defaults-1.0.3.tgz",
            "integrity": "sha1-xlYFHpgX2f8I7YgUd/P+QBnz730=",
            "requires": {
                "clone": "1.0.4"
            }
        },
        "duplexer3": {
            "version": "0.1.4",
            "resolved": "https://registry.npmjs.org/duplexer3/-/duplexer3-0.1.4.tgz",
            "integrity": "sha1-7gHdHKwO08vH/b6jfcCo8c4ALOI="
        },
        "escape-string-regexp": {
            "version": "1.0.5",
            "resolved": "https://registry.npmjs.org/escape-string-regexp/-/escape-string-regexp-1.0.5.tgz",
            "integrity": "sha1-G2HAViGQqN/2rjuyzwIAyhMLhtQ="
        },
        "fs": {
            "version": "0.0.1-security",
            "resolved": "https://registry.npmjs.org/fs/-/fs-0.0.1-security.tgz",
            "integrity": "sha1-invTcYa23d84E/I4WLV+yq9eQdQ="
        },
        "fs-extra": {
            "version": "7.0.0",
            "resolved": "https://registry.npmjs.org/fs-extra/-/fs-extra-7.0.0.tgz",
            "integrity": "sha512-EglNDLRpmaTWiD/qraZn6HREAEAHJcJOmxNEYwq6xeMKnVMAy3GUcFB+wXt2C6k4CNvB/mP1y/U3dzvKKj5OtQ==",
            "requires": {
                "graceful-fs": "4.1.11",
                "jsonfile": "4.0.0",
                "universalify": "0.1.2"
            }
        },
        "get-stream": {
            "version": "3.0.0",
            "resolved": "https://registry.npmjs.org/get-stream/-/get-stream-3.0.0.tgz",
            "integrity": "sha1-jpQ9E1jcN1VQVOy+LtsFqhdO3hQ="
        },
        "github-url-to-object": {
            "version": "2.2.6",
            "resolved": "https://registry.npmjs.org/github-url-to-object/-/github-url-to-object-2.2.6.tgz",
            "integrity": "sha1-ypJQFlFJdI7uswv8xgAMb+DSQvc=",
            "requires": {
                "is-url": "1.2.4"
            }
        },
        "got": {
            "version": "6.7.1",
            "resolved": "http://registry.npmjs.org/got/-/got-6.7.1.tgz",
            "integrity": "sha1-JAzQV4WpoY5WHcG0S0HHY+8ejbA=",
            "requires": {
                "create-error-class": "3.0.2",
                "duplexer3": "0.1.4",
                "get-stream": "3.0.0",
                "is-redirect": "1.0.0",
                "is-retry-allowed": "1.1.0",
                "is-stream": "1.1.0",
                "lowercase-keys": "1.0.1",
                "safe-buffer": "5.1.2",
                "timed-out": "4.0.1",
                "unzip-response": "2.0.1",
                "url-parse-lax": "1.0.0"
            }
        },
        "graceful-fs": {
            "version": "4.1.11",
            "resolved": "https://registry.npmjs.org/graceful-fs/-/graceful-fs-4.1.11.tgz",
            "integrity": "sha1-Dovf5NHduIVNZOBOp8AOKgJuVlg="
        },
        "has-flag": {
            "version": "3.0.0",
            "resolved": "https://registry.npmjs.org/has-flag/-/has-flag-3.0.0.tgz",
            "integrity": "sha1-tdRU3CGZriJWmfNGfloH87lVuv0="
        },
        "http-https": {
            "version": "1.0.0",
            "resolved": "https://registry.npmjs.org/http-https/-/http-https-1.0.0.tgz",
            "integrity": "sha1-L5CN1fHbQGjAWM1ubUzjkskTOJs="
        },
        "inherits": {
            "version": "2.0.3",
            "resolved": "https://registry.npmjs.org/inherits/-/inherits-2.0.3.tgz",
            "integrity": "sha1-Yzwsg+PaQqUC9SRmAiSA9CCCYd4="
        },
        "is-redirect": {
            "version": "1.0.0",
            "resolved": "https://registry.npmjs.org/is-redirect/-/is-redirect-1.0.0.tgz",
            "integrity": "sha1-HQPd7VO9jbDzDCbk+V02/HyH3CQ="
        },
        "is-retry-allowed": {
            "version": "1.1.0",
            "resolved": "https://registry.npmjs.org/is-retry-allowed/-/is-retry-allowed-1.1.0.tgz",
            "integrity": "sha1-EaBgVotnM5REAz0BJaYaINVk+zQ="
        },
        "is-stream": {
            "version": "1.1.0",
            "resolved": "https://registry.npmjs.org/is-stream/-/is-stream-1.1.0.tgz",
            "integrity": "sha1-EtSj3U5o4Lec6428hBc66A2RykQ="
        },
        "is-url": {
            "version": "1.2.4",
            "resolved": "https://registry.npmjs.org/is-url/-/is-url-1.2.4.tgz",
            "integrity": "sha512-ITvGim8FhRiYe4IQ5uHSkj7pVaPDrCTkNd3yq3cV7iZAcJdHTUMPMEHcqSOy9xZ9qFenQCvi+2wjH9a1nXqHww=="
        },
        "isarray": {
            "version": "0.0.1",
            "resolved": "https://registry.npmjs.org/isarray/-/isarray-0.0.1.tgz",
            "integrity": "sha1-ihis/Kmo9Bd+Cav8YDiTmwXR7t8="
        },
        "jsonfile": {
            "version": "4.0.0",
            "resolved": "https://registry.npmjs.org/jsonfile/-/jsonfile-4.0.0.tgz",
            "integrity": "sha1-h3Gq4HmbZAdrdmQPygWPnBDjPss=",
            "requires": {
                "graceful-fs": "4.1.11"
            }
        },
        "lodash": {
            "version": "4.17.10",
            "resolved": "https://registry.npmjs.org/lodash/-/lodash-4.17.10.tgz",
            "integrity": "sha512-UejweD1pDoXu+AD825lWwp4ZGtSwgnpZxb3JDViD7StjQz+Nb/6l093lx4OQ0foGWNRoc19mWy7BzL+UAK2iVg=="
        },
        "log-symbols": {
            "version": "2.2.0",
            "resolved": "https://registry.npmjs.org/log-symbols/-/log-symbols-2.2.0.tgz",
            "integrity": "sha512-VeIAFslyIerEJLXHziedo2basKbMKtTw3vfn5IzG0XTjhAVEJyNHnL2p7vc+wBDSdQuUpNw3M2u6xb9QsAY5Eg==",
            "requires": {
                "chalk": "2.4.1"
            }
        },
        "lowercase-keys": {
            "version": "1.0.1",
            "resolved": "https://registry.npmjs.org/lowercase-keys/-/lowercase-keys-1.0.1.tgz",
            "integrity": "sha512-G2Lj61tXDnVFFOi8VZds+SoQjtQC3dgokKdDG2mTm1tx4m50NUHBOZSBwQQHyy0V12A0JTG4icfZQH+xPyh8VA=="
        },
        "mimic-fn": {
            "version": "1.2.0",
            "resolved": "https://registry.npmjs.org/mimic-fn/-/mimic-fn-1.2.0.tgz",
            "integrity": "sha512-jf84uxzwiuiIVKiOLpfYk7N46TSy8ubTonmneY9vrpHNAnp0QBt2BxWV9dO3/j+BoVAb+a5G6YDPW3M5HOdMWQ=="
        },
        "nice-package": {
            "version": "3.0.3",
            "resolved": "https://registry.npmjs.org/nice-package/-/nice-package-3.0.3.tgz",
            "integrity": "sha1-TVU5/xCdHjqB2qdS7qRSgSNkpZw=",
            "requires": {
                "github-url-to-object": "2.2.6",
                "lodash": "4.17.10",
                "normalize-registry-metadata": "1.1.2",
                "revalidator": "0.3.1",
                "semver": "5.5.1"
            }
        },
        "normalize-registry-metadata": {
            "version": "1.1.2",
            "resolved": "https://registry.npmjs.org/normalize-registry-metadata/-/normalize-registry-metadata-1.1.2.tgz",
            "integrity": "sha1-pKR1FiPS9pXE97O5psLmo5s/+U4=",
            "requires": {
                "semver": "5.5.1"
            }
        },
        "onetime": {
            "version": "2.0.1",
            "resolved": "https://registry.npmjs.org/onetime/-/onetime-2.0.1.tgz",
            "integrity": "sha1-BnQoIw/WdEOyeUsiu6UotoZ5YtQ=",
            "requires": {
                "mimic-fn": "1.2.0"
            }
        },
        "ora": {
            "version": "3.0.0",
            "resolved": "https://registry.npmjs.org/ora/-/ora-3.0.0.tgz",
            "integrity": "sha512-LBS97LFe2RV6GJmXBi6OKcETKyklHNMV0xw7BtsVn2MlsgsydyZetSCbCANr+PFLmDyv4KV88nn0eCKza665Mg==",
            "requires": {
                "chalk": "2.4.1",
                "cli-cursor": "2.1.0",
                "cli-spinners": "1.3.1",
                "log-symbols": "2.2.0",
                "strip-ansi": "4.0.0",
                "wcwidth": "1.0.1"
            }
        },
        "package-stream": {
            "version": "3.0.1",
            "resolved": "https://registry.npmjs.org/package-stream/-/package-stream-3.0.1.tgz",
            "integrity": "sha512-QvNIMHLP7JARDqLDRhC9MLDv6VTwc7uKhuTAcGJJ4xByNIZrSbK9gIRJJwDepUeWCq+hx/Bo3Ri5VY1Bkr8dhw==",
            "requires": {
                "changes-stream": "1.1.0",
                "got": "6.7.1",
                "nice-package": "3.0.3"
            }
        },
        "path": {
            "version": "0.12.7",
            "resolved": "https://registry.npmjs.org/path/-/path-0.12.7.tgz",
            "integrity": "sha1-1NwqUGxM4hl+tIHr/NWzbAFAsQ8=",
            "requires": {
                "process": "0.11.10",
                "util": "0.10.4"
            }
        },
        "prepend-http": {
            "version": "1.0.4",
            "resolved": "https://registry.npmjs.org/prepend-http/-/prepend-http-1.0.4.tgz",
            "integrity": "sha1-1PRWKwzjaW5BrFLQ4ALlemNdxtw="
        },
        "process": {
            "version": "0.11.10",
            "resolved": "https://registry.npmjs.org/process/-/process-0.11.10.tgz",
            "integrity": "sha1-czIwDoQBYb2j5podHZGn1LwW8YI="
        },
        "readable-stream": {
            "version": "1.0.34",
            "resolved": "https://registry.npmjs.org/readable-stream/-/readable-stream-1.0.34.tgz",
            "integrity": "sha1-Elgg40vIQtLyqq+v5MKRbuMsFXw=",
            "requires": {
                "core-util-is": "1.0.2",
                "inherits": "2.0.3",
                "isarray": "0.0.1",
                "string_decoder": "0.10.31"
            }
        },
        "restore-cursor": {
            "version": "2.0.0",
            "resolved": "https://registry.npmjs.org/restore-cursor/-/restore-cursor-2.0.0.tgz",
            "integrity": "sha1-n37ih/gv0ybU/RYpI9YhKe7g368=",
            "requires": {
                "onetime": "2.0.1",
                "signal-exit": "3.0.2"
            }
        },
        "revalidator": {
            "version": "0.3.1",
            "resolved": "https://registry.npmjs.org/revalidator/-/revalidator-0.3.1.tgz",
            "integrity": "sha1-/yzEz3zHxjhaxxAXgnbm280Ddi8="
        },
        "safe-buffer": {
            "version": "5.1.2",
            "resolved": "https://registry.npmjs.org/safe-buffer/-/safe-buffer-5.1.2.tgz",
            "integrity": "sha512-Gd2UZBJDkXlY7GbJxfsE8/nvKkUEU1G38c1siN6QP6a9PT9MmHB8GnpscSmMJSoF8LOIrt8ud/wPtojys4G6+g=="
        },
        "semver": {
            "version": "5.5.1",
            "resolved": "https://registry.npmjs.org/semver/-/semver-5.5.1.tgz",
            "integrity": "sha512-PqpAxfrEhlSUWge8dwIp4tZnQ25DIOthpiaHNIthsjEFQD6EvqUKUDM7L8O2rShkFccYo1VjJR0coWfNkCubRw=="
        },
        "signal-exit": {
            "version": "3.0.2",
            "resolved": "https://registry.npmjs.org/signal-exit/-/signal-exit-3.0.2.tgz",
            "integrity": "sha1-tf3AjxKH6hF4Yo5BXiUTK3NkbG0="
        },
        "string_decoder": {
            "version": "0.10.31",
            "resolved": "https://registry.npmjs.org/string_decoder/-/string_decoder-0.10.31.tgz",
            "integrity": "sha1-YuIDvEF2bGwoyfyEMB2rHFMQ+pQ="
        },
        "strip-ansi": {
            "version": "4.0.0",
            "resolved": "https://registry.npmjs.org/strip-ansi/-/strip-ansi-4.0.0.tgz",
            "integrity": "sha1-qEeQIusaw2iocTibY1JixQXuNo8=",
            "requires": {
                "ansi-regex": "3.0.0"
            }
        },
        "supports-color": {
            "version": "5.5.0",
            "resolved": "https://registry.npmjs.org/supports-color/-/supports-color-5.5.0.tgz",
            "integrity": "sha512-QjVjwdXIt408MIiAqCX4oUKsgU2EqAGzs2Ppkm4aQYbjm+ZEWEcW4SfFNTr4uMNZma0ey4f5lgLrkB0aX0QMow==",
            "requires": {
                "has-flag": "3.0.0"
            }
        },
        "timed-out": {
            "version": "4.0.1",
            "resolved": "https://registry.npmjs.org/timed-out/-/timed-out-4.0.1.tgz",
            "integrity": "sha1-8y6srFoXW+ol1/q1Zas+2HQe9W8="
        },
        "universalify": {
            "version": "0.1.2",
            "resolved": "https://registry.npmjs.org/universalify/-/universalify-0.1.2.tgz",
            "integrity": "sha512-rBJeI5CXAlmy1pV+617WB9J63U6XcazHHF2f2dbJix4XzpUF0RS3Zbj0FGIOCAva5P/d/GBOYaACQ1w+0azUkg=="
        },
        "unzip-response": {
            "version": "2.0.1",
            "resolved": "https://registry.npmjs.org/unzip-response/-/unzip-response-2.0.1.tgz",
            "integrity": "sha1-0vD3N9FrBhXnKmk17QQhRXLVb5c="
        },
        "url-parse-lax": {
            "version": "1.0.0",
            "resolved": "https://registry.npmjs.org/url-parse-lax/-/url-parse-lax-1.0.0.tgz",
            "integrity": "sha1-evjzA2Rem9eaJy56FKxovAYJ2nM=",
            "requires": {
                "prepend-http": "1.0.4"
            }
        },
        "util": {
            "version": "0.10.4",
            "resolved": "https://registry.npmjs.org/util/-/util-0.10.4.tgz",
            "integrity": "sha512-0Pm9hTQ3se5ll1XihRic3FDIku70C+iHUdT/W926rSgHV5QgXsYbKZN8MSC3tJtSkhuROzvsQjAaFENRXr+19A==",
            "requires": {
                "inherits": "2.0.3"
            }
        },
        "wcwidth": {
            "version": "1.0.1",
            "resolved": "https://registry.npmjs.org/wcwidth/-/wcwidth-1.0.1.tgz",
            "integrity": "sha1-8LDc+RW8X/FSivrbLA4XtTLaL+g=",
            "requires": {
                "defaults": "1.0.3"
            }
        }
    }
}
